
Microsoft Visual Studio Solution File, Format Version 12.00
# Visual Studio Version 17
VisualStudioVersion = 17.7.34031.279
MinimumVisualStudioVersion = 10.0.40219.1
Project("{FAE04EC0-301F-11D3-BF4B-00C04F79EFBC}") = "CsSGBD", "CsSGBD.csproj", "{B36480BD-4826-4C51-B631-B4931736AF2A}"
EndProject
Global
	GlobalSection(SolutionConfigurationPlatforms) = preSolution
		Debug|Any CPU = Debug|Any CPU
		Release|Any CPU = Release|Any CPU
	EndGlobalSection
	GlobalSection(ProjectConfigurationPlatforms) = postSolution
		{B36480BD-4826-4C51-B631-B4931736AF2A}.Debug|Any CPU.ActiveCfg = Debug|Any CPU
		{B36480BD-4826-4C51-B631-B4931736AF2A}.Debug|Any CPU.Build.0 = Debug|Any CPU
		{B36480BD-4826-4C51-B631-B4931736AF2A}.Release|Any CPU.ActiveCfg = Release|Any CPU
		{B36480BD-4826-4C51-B631-B4931736AF2A}.Release|Any CPU.Build.0 = Release|Any CPU
	EndGlobalSection
	GlobalSection(SolutionProperties) = preSolution
		HideSolutionNode = FALSE
	EndGlobalSection
	GlobalSection(ExtensibilityGlobals) = postSolution
		SolutionGuid = {0326607D-2AE1-4386-9EA5-E6733F519144}
	EndGlobalSection
EndGlobal
